
Microsoft Visual Studio Solution File, Format Version 12.00
# Visual Studio Version 16
VisualStudioVersion = 16.0.28902.138
MinimumVisualStudioVersion = 10.0.40219.1
Project("{FAE04EC0-301F-11D3-BF4B-00C04F79EFBC}") = "MC_History", "MC_History\MC_History.csproj", "{F7CBC85B-60E1-4113-8876-2866615475A0}"
EndProject
Global
	GlobalSection(SolutionConfigurationPlatforms) = preSolution
		Debug|Any CPU = Debug|Any CPU
		Release|Any CPU = Release|Any CPU
	EndGlobalSection
	GlobalSection(ProjectConfigurationPlatforms) = postSolution
		{F7CBC85B-60E1-4113-8876-2866615475A0}.Debug|Any CPU.ActiveCfg = Debug|Any CPU
		{F7CBC85B-60E1-4113-8876-2866615475A0}.Debug|Any CPU.Build.0 = Debug|Any CPU
		{F7CBC85B-60E1-4113-8876-2866615475A0}.Release|Any CPU.ActiveCfg = Release|Any CPU
		{F7CBC85B-60E1-4113-8876-2866615475A0}.Release|Any CPU.Build.0 = Release|Any CPU
	EndGlobalSection
	GlobalSection(SolutionProperties) = preSolution
		HideSolutionNode = FALSE
	EndGlobalSection
	GlobalSection(ExtensibilityGlobals) = postSolution
		SolutionGuid = {830CE964-344C-46C6-960B-454CC52C2D2B}
	EndGlobalSection
EndGlobal
